
Microsoft Visual Studio Solution File, Format Version 12.00
# Visual Studio 2012
Project("{FAE04EC0-301F-11D3-BF4B-00C04F79EFBC}") = "SohoWeb.WebMgt", "SohoWeb.WebMgt\SohoWeb.WebMgt.csproj", "{7A7DF52C-855B-449B-9A3B-60A76E765A8C}"
EndProject
Project("{FAE04EC0-301F-11D3-BF4B-00C04F79EFBC}") = "SohoWeb.DataAccess", "SohoWeb.DataAccess\SohoWeb.DataAccess.csproj", "{11C061BE-7860-40A8-94E9-C40340205407}"
EndProject
Project("{FAE04EC0-301F-11D3-BF4B-00C04F79EFBC}") = "SohoWeb.Entity", "SohoWeb.Entity\SohoWeb.Entity.csproj", "{A957FAC5-C6E5-415B-B2B1-654C5263C23F}"
EndProject
Project("{FAE04EC0-301F-11D3-BF4B-00C04F79EFBC}") = "SohoWeb.Service", "SohoWeb.Service\SohoWeb.Service.csproj", "{1EB8735D-D334-4425-B5E7-7022C27D3642}"
EndProject
Project("{FAE04EC0-301F-11D3-BF4B-00C04F79EFBC}") = "SohoWeb.WebSite", "SohoWeb.WebSite\SohoWeb.WebSite.csproj", "{3D1D0CB1-7C1E-4B8E-8ECD-B7D77A4D0AD0}"
EndProject
Project("{FAE04EC0-301F-11D3-BF4B-00C04F79EFBC}") = "SohoWeb.UnitTest", "SohoWeb.UnitTest\SohoWeb.UnitTest.csproj", "{1556447E-D8FD-4C8E-B859-3956EFE21A89}"
EndProject
Global
	GlobalSection(SolutionConfigurationPlatforms) = preSolution
		Debug|Any CPU = Debug|Any CPU
		Release|Any CPU = Release|Any CPU
	EndGlobalSection
	GlobalSection(ProjectConfigurationPlatforms) = postSolution
		{7A7DF52C-855B-449B-9A3B-60A76E765A8C}.Debug|Any CPU.ActiveCfg = Debug|Any CPU
		{7A7DF52C-855B-449B-9A3B-60A76E765A8C}.Debug|Any CPU.Build.0 = Debug|Any CPU
		{7A7DF52C-855B-449B-9A3B-60A76E765A8C}.Release|Any CPU.ActiveCfg = Release|Any CPU
		{7A7DF52C-855B-449B-9A3B-60A76E765A8C}.Release|Any CPU.Build.0 = Release|Any CPU
		{11C061BE-7860-40A8-94E9-C40340205407}.Debug|Any CPU.ActiveCfg = Debug|Any CPU
		{11C061BE-7860-40A8-94E9-C40340205407}.Debug|Any CPU.Build.0 = Debug|Any CPU
		{11C061BE-7860-40A8-94E9-C40340205407}.Release|Any CPU.ActiveCfg = Release|Any CPU
		{11C061BE-7860-40A8-94E9-C40340205407}.Release|Any CPU.Build.0 = Release|Any CPU
		{A957FAC5-C6E5-415B-B2B1-654C5263C23F}.Debug|Any CPU.ActiveCfg = Debug|Any CPU
		{A957FAC5-C6E5-415B-B2B1-654C5263C23F}.Debug|Any CPU.Build.0 = Debug|Any CPU
		{A957FAC5-C6E5-415B-B2B1-654C5263C23F}.Release|Any CPU.ActiveCfg = Release|Any CPU
		{A957FAC5-C6E5-415B-B2B1-654C5263C23F}.Release|Any CPU.Build.0 = Release|Any CPU
		{1EB8735D-D334-4425-B5E7-7022C27D3642}.Debug|Any CPU.ActiveCfg = Debug|Any CPU
		{1EB8735D-D334-4425-B5E7-7022C27D3642}.Debug|Any CPU.Build.0 = Debug|Any CPU
		{1EB8735D-D334-4425-B5E7-7022C27D3642}.Release|Any CPU.ActiveCfg = Release|Any CPU
		{1EB8735D-D334-4425-B5E7-7022C27D3642}.Release|Any CPU.Build.0 = Release|Any CPU
		{3D1D0CB1-7C1E-4B8E-8ECD-B7D77A4D0AD0}.Debug|Any CPU.ActiveCfg = Debug|Any CPU
		{3D1D0CB1-7C1E-4B8E-8ECD-B7D77A4D0AD0}.Debug|Any CPU.Build.0 = Debug|Any CPU
		{3D1D0CB1-7C1E-4B8E-8ECD-B7D77A4D0AD0}.Release|Any CPU.ActiveCfg = Release|Any CPU
		{3D1D0CB1-7C1E-4B8E-8ECD-B7D77A4D0AD0}.Release|Any CPU.Build.0 = Release|Any CPU
		{1556447E-D8FD-4C8E-B859-3956EFE21A89}.Debug|Any CPU.ActiveCfg = Debug|Any CPU
		{1556447E-D8FD-4C8E-B859-3956EFE21A89}.Debug|Any CPU.Build.0 = Debug|Any CPU
		{1556447E-D8FD-4C8E-B859-3956EFE21A89}.Release|Any CPU.ActiveCfg = Release|Any CPU
		{1556447E-D8FD-4C8E-B859-3956EFE21A89}.Release|Any CPU.Build.0 = Release|Any CPU
	EndGlobalSection
	GlobalSection(SolutionProperties) = preSolution
		HideSolutionNode = FALSE
	EndGlobalSection
EndGlobal
